
Microsoft Visual Studio Solution File, Format Version 12.00
# Visual Studio Version 16
VisualStudioVersion = 16.0.30104.148
MinimumVisualStudioVersion = 10.0.40219.1
Project("{FAE04EC0-301F-11D3-BF4B-00C04F79EFBC}") = "WpfMailSender", "MailSender\WpfMailSender.csproj", "{8D4D93A4-F84F-4436-AC41-D519DF7A8293}"
EndProject
Project("{9A19103F-16F7-4668-BE54-9A1E7A4F7556}") = "MailSender.lib", "MailSender.lib\MailSender.lib.csproj", "{F4BCB975-F28A-4B0D-82AD-6381E0F701B3}"
EndProject
Project("{2150E333-8FDC-42A3-9474-1A3956D46DE8}") = "Tests", "Tests", "{3A0FFB0F-1367-4F05-9EED-B03AC8F60DA8}"
EndProject
Project("{FAE04EC0-301F-11D3-BF4B-00C04F79EFBC}") = "MailSender.Lib.Tests", "Tests\MailSender.Lib.Tests\MailSender.Lib.Tests.csproj", "{33D0B481-6B3A-4278-888D-11250E096669}"
EndProject
Project("{FAE04EC0-301F-11D3-BF4B-00C04F79EFBC}") = "ThreadTest", "ThreadTest\ThreadTest.csproj", "{673BFB23-A512-49FF-BBDC-B6E95B678A17}"
EndProject
Project("{FAE04EC0-301F-11D3-BF4B-00C04F79EFBC}") = "TaskTest", "TaskTest\TaskTest.csproj", "{4701C8F9-635F-40E8-AD97-10BA00FCD84D}"
EndProject
Project("{FAE04EC0-301F-11D3-BF4B-00C04F79EFBC}") = "EFTest", "EFTest\EFTest.csproj", "{038910CF-A442-4389-B753-A1BF585A2DF5}"
EndProject
Project("{FAE04EC0-301F-11D3-BF4B-00C04F79EFBC}") = "CinemaWpfTest", "CinemaWpfTest\CinemaWpfTest.csproj", "{BC736113-6043-4755-AE5B-FBE1F142B10C}"
EndProject
Global
	GlobalSection(SolutionConfigurationPlatforms) = preSolution
		Debug|Any CPU = Debug|Any CPU
		Release|Any CPU = Release|Any CPU
	EndGlobalSection
	GlobalSection(ProjectConfigurationPlatforms) = postSolution
		{8D4D93A4-F84F-4436-AC41-D519DF7A8293}.Debug|Any CPU.ActiveCfg = Debug|Any CPU
		{8D4D93A4-F84F-4436-AC41-D519DF7A8293}.Debug|Any CPU.Build.0 = Debug|Any CPU
		{8D4D93A4-F84F-4436-AC41-D519DF7A8293}.Release|Any CPU.ActiveCfg = Release|Any CPU
		{8D4D93A4-F84F-4436-AC41-D519DF7A8293}.Release|Any CPU.Build.0 = Release|Any CPU
		{F4BCB975-F28A-4B0D-82AD-6381E0F701B3}.Debug|Any CPU.ActiveCfg = Debug|Any CPU
		{F4BCB975-F28A-4B0D-82AD-6381E0F701B3}.Debug|Any CPU.Build.0 = Debug|Any CPU
		{F4BCB975-F28A-4B0D-82AD-6381E0F701B3}.Release|Any CPU.ActiveCfg = Release|Any CPU
		{F4BCB975-F28A-4B0D-82AD-6381E0F701B3}.Release|Any CPU.Build.0 = Release|Any CPU
		{33D0B481-6B3A-4278-888D-11250E096669}.Debug|Any CPU.ActiveCfg = Debug|Any CPU
		{33D0B481-6B3A-4278-888D-11250E096669}.Debug|Any CPU.Build.0 = Debug|Any CPU
		{33D0B481-6B3A-4278-888D-11250E096669}.Release|Any CPU.ActiveCfg = Release|Any CPU
		{33D0B481-6B3A-4278-888D-11250E096669}.Release|Any CPU.Build.0 = Release|Any CPU
		{673BFB23-A512-49FF-BBDC-B6E95B678A17}.Debug|Any CPU.ActiveCfg = Debug|Any CPU
		{673BFB23-A512-49FF-BBDC-B6E95B678A17}.Debug|Any CPU.Build.0 = Debug|Any CPU
		{673BFB23-A512-49FF-BBDC-B6E95B678A17}.Release|Any CPU.ActiveCfg = Release|Any CPU
		{673BFB23-A512-49FF-BBDC-B6E95B678A17}.Release|Any CPU.Build.0 = Release|Any CPU
		{4701C8F9-635F-40E8-AD97-10BA00FCD84D}.Debug|Any CPU.ActiveCfg = Debug|Any CPU
		{4701C8F9-635F-40E8-AD97-10BA00FCD84D}.Debug|Any CPU.Build.0 = Debug|Any CPU
		{4701C8F9-635F-40E8-AD97-10BA00FCD84D}.Release|Any CPU.ActiveCfg = Release|Any CPU
		{4701C8F9-635F-40E8-AD97-10BA00FCD84D}.Release|Any CPU.Build.0 = Release|Any CPU
		{038910CF-A442-4389-B753-A1BF585A2DF5}.Debug|Any CPU.ActiveCfg = Debug|Any CPU
		{038910CF-A442-4389-B753-A1BF585A2DF5}.Debug|Any CPU.Build.0 = Debug|Any CPU
		{038910CF-A442-4389-B753-A1BF585A2DF5}.Release|Any CPU.ActiveCfg = Release|Any CPU
		{038910CF-A442-4389-B753-A1BF585A2DF5}.Release|Any CPU.Build.0 = Release|Any CPU
		{BC736113-6043-4755-AE5B-FBE1F142B10C}.Debug|Any CPU.ActiveCfg = Debug|Any CPU
		{BC736113-6043-4755-AE5B-FBE1F142B10C}.Debug|Any CPU.Build.0 = Debug|Any CPU
		{BC736113-6043-4755-AE5B-FBE1F142B10C}.Release|Any CPU.ActiveCfg = Release|Any CPU
		{BC736113-6043-4755-AE5B-FBE1F142B10C}.Release|Any CPU.Build.0 = Release|Any CPU
	EndGlobalSection
	GlobalSection(SolutionProperties) = preSolution
		HideSolutionNode = FALSE
	EndGlobalSection
	GlobalSection(NestedProjects) = preSolution
		{33D0B481-6B3A-4278-888D-11250E096669} = {3A0FFB0F-1367-4F05-9EED-B03AC8F60DA8}
	EndGlobalSection
	GlobalSection(ExtensibilityGlobals) = postSolution
		SolutionGuid = {B70A7A6B-7186-4487-BC96-F8493A0BFAB2}
	EndGlobalSection
EndGlobal
